
Microsoft Visual Studio Solution File, Format Version 12.00
# Visual Studio 15
VisualStudioVersion = 15.0.28307.489
MinimumVisualStudioVersion = 10.0.40219.1
Project("{FAE04EC0-301F-11D3-BF4B-00C04F79EFBC}") = "OrderOfpica", "OrderOfpica\OrderOfpica.csproj", "{7BE1B762-A1FE-4027-B9F4-C7EC038CDBA1}"
EndProject
Global
	GlobalSection(SolutionConfigurationPlatforms) = preSolution
		Debug|Any CPU = Debug|Any CPU
		Release|Any CPU = Release|Any CPU
	EndGlobalSection
	GlobalSection(ProjectConfigurationPlatforms) = postSolution
		{7BE1B762-A1FE-4027-B9F4-C7EC038CDBA1}.Debug|Any CPU.ActiveCfg = Debug|Any CPU
		{7BE1B762-A1FE-4027-B9F4-C7EC038CDBA1}.Debug|Any CPU.Build.0 = Debug|Any CPU
		{7BE1B762-A1FE-4027-B9F4-C7EC038CDBA1}.Release|Any CPU.ActiveCfg = Release|Any CPU
		{7BE1B762-A1FE-4027-B9F4-C7EC038CDBA1}.Release|Any CPU.Build.0 = Release|Any CPU
	EndGlobalSection
	GlobalSection(SolutionProperties) = preSolution
		HideSolutionNode = FALSE
	EndGlobalSection
	GlobalSection(ExtensibilityGlobals) = postSolution
		SolutionGuid = {BE67E527-7168-4D74-ABA3-BBCA61456DC0}
	EndGlobalSection
EndGlobal
